
Microsoft Visual Studio Solution File, Format Version 12.00
# Visual Studio Version 17
VisualStudioVersion = 17.0.32014.148
MinimumVisualStudioVersion = 10.0.40219.1
Project("{9A19103F-16F7-4668-BE54-9A1E7A4F7556}") = "Calabonga.StatusProcessor", "Calabonga.StateProcessor\Calabonga.StatusProcessor.csproj", "{FA0A5860-CFE4-4896-BD25-2EF01112C048}"
EndProject
Project("{9A19103F-16F7-4668-BE54-9A1E7A4F7556}") = "Calabonga.StatesProcessor.ConsoleTests", "Calabonga.StateProcessor.ConsoleTests\Calabonga.StatesProcessor.ConsoleTests.csproj", "{BEB37399-3410-4A8E-A48A-16EEE6B885DA}"
EndProject
Global
	GlobalSection(SolutionConfigurationPlatforms) = preSolution
		DB|Any CPU = DB|Any CPU
		Debug|Any CPU = Debug|Any CPU
		Release|Any CPU = Release|Any CPU
	EndGlobalSection
	GlobalSection(ProjectConfigurationPlatforms) = postSolution
		{FA0A5860-CFE4-4896-BD25-2EF01112C048}.DB|Any CPU.ActiveCfg = Debug|Any CPU
		{FA0A5860-CFE4-4896-BD25-2EF01112C048}.DB|Any CPU.Build.0 = Debug|Any CPU
		{FA0A5860-CFE4-4896-BD25-2EF01112C048}.Debug|Any CPU.ActiveCfg = Debug|Any CPU
		{FA0A5860-CFE4-4896-BD25-2EF01112C048}.Debug|Any CPU.Build.0 = Debug|Any CPU
		{FA0A5860-CFE4-4896-BD25-2EF01112C048}.Release|Any CPU.ActiveCfg = Release|Any CPU
		{FA0A5860-CFE4-4896-BD25-2EF01112C048}.Release|Any CPU.Build.0 = Release|Any CPU
		{BEB37399-3410-4A8E-A48A-16EEE6B885DA}.DB|Any CPU.ActiveCfg = Debug|Any CPU
		{BEB37399-3410-4A8E-A48A-16EEE6B885DA}.DB|Any CPU.Build.0 = Debug|Any CPU
		{BEB37399-3410-4A8E-A48A-16EEE6B885DA}.Debug|Any CPU.ActiveCfg = Debug|Any CPU
		{BEB37399-3410-4A8E-A48A-16EEE6B885DA}.Debug|Any CPU.Build.0 = Debug|Any CPU
		{BEB37399-3410-4A8E-A48A-16EEE6B885DA}.Release|Any CPU.ActiveCfg = Release|Any CPU
		{BEB37399-3410-4A8E-A48A-16EEE6B885DA}.Release|Any CPU.Build.0 = Release|Any CPU
	EndGlobalSection
	GlobalSection(SolutionProperties) = preSolution
		HideSolutionNode = FALSE
	EndGlobalSection
	GlobalSection(ExtensibilityGlobals) = postSolution
		SolutionGuid = {CC986CC7-DBC9-44BD-BAF7-FCC50A40F3CB}
	EndGlobalSection
EndGlobal
